
Microsoft Visual Studio Solution File, Format Version 12.00
# Visual Studio Version 16
VisualStudioVersion = 25.0.1703.6
MinimumVisualStudioVersion = 10.0.40219.1
Project("{FAE04EC0-301F-11D3-BF4B-00C04F79EFBC}") = "pong", "pong\pong.csproj", "{68B0F5AA-B143-44F6-9AE7-3E8CE8229F0F}"
EndProject
Global
	GlobalSection(SolutionConfigurationPlatforms) = preSolution
		Debug|Any CPU = Debug|Any CPU
		Release|Any CPU = Release|Any CPU
	EndGlobalSection
	GlobalSection(ProjectConfigurationPlatforms) = postSolution
		{68B0F5AA-B143-44F6-9AE7-3E8CE8229F0F}.Debug|Any CPU.ActiveCfg = Debug|Any CPU
		{68B0F5AA-B143-44F6-9AE7-3E8CE8229F0F}.Debug|Any CPU.Build.0 = Debug|Any CPU
		{68B0F5AA-B143-44F6-9AE7-3E8CE8229F0F}.Release|Any CPU.ActiveCfg = Release|Any CPU
		{68B0F5AA-B143-44F6-9AE7-3E8CE8229F0F}.Release|Any CPU.Build.0 = Release|Any CPU
	EndGlobalSection
	GlobalSection(SolutionProperties) = preSolution
		HideSolutionNode = FALSE
	EndGlobalSection
	GlobalSection(ExtensibilityGlobals) = postSolution
		SolutionGuid = {680225DA-3401-47CE-A5EF-70625EF399A7}
	EndGlobalSection
EndGlobal
